
Microsoft Visual Studio Solution File, Format Version 12.00
# Visual Studio Version 16
VisualStudioVersion = 16.0.31005.135
MinimumVisualStudioVersion = 10.0.40219.1
Project("{FAE04EC0-301F-11D3-BF4B-00C04F79EFBC}") = "lab4(1)", "lab4(1)\lab4(1).csproj", "{DA2E785F-7147-483F-A417-656E8244CB81}"
EndProject
Global
	GlobalSection(SolutionConfigurationPlatforms) = preSolution
		Debug|Any CPU = Debug|Any CPU
		Release|Any CPU = Release|Any CPU
	EndGlobalSection
	GlobalSection(ProjectConfigurationPlatforms) = postSolution
		{DA2E785F-7147-483F-A417-656E8244CB81}.Debug|Any CPU.ActiveCfg = Debug|Any CPU
		{DA2E785F-7147-483F-A417-656E8244CB81}.Debug|Any CPU.Build.0 = Debug|Any CPU
		{DA2E785F-7147-483F-A417-656E8244CB81}.Release|Any CPU.ActiveCfg = Release|Any CPU
		{DA2E785F-7147-483F-A417-656E8244CB81}.Release|Any CPU.Build.0 = Release|Any CPU
	EndGlobalSection
	GlobalSection(SolutionProperties) = preSolution
		HideSolutionNode = FALSE
	EndGlobalSection
	GlobalSection(ExtensibilityGlobals) = postSolution
		SolutionGuid = {3CCA8BEA-11A8-4184-853D-BA78866EE190}
	EndGlobalSection
EndGlobal
